
Microsoft Visual Studio Solution File, Format Version 12.00
Project("{FAE04EC0-301F-11D3-BF4B-00C04F79EFBC}") = "MindBox", "MindBox\MindBox.csproj", "{EBC0CE08-1E7E-4F4A-9D95-5AC1E6DCDBAC}"
EndProject
Project("{FAE04EC0-301F-11D3-BF4B-00C04F79EFBC}") = "MindBoxTest", "MindBoxTest\MindBoxTest.csproj", "{DC861B91-6984-4788-B8A2-52DCDC629A8B}"
EndProject
Project("{FAE04EC0-301F-11D3-BF4B-00C04F79EFBC}") = "MindBoxLib", "MindBoxLib\MindBoxLib.csproj", "{27DDA701-49AD-4A44-830B-20D27D98CECD}"
EndProject
Global
	GlobalSection(SolutionConfigurationPlatforms) = preSolution
		Debug|Any CPU = Debug|Any CPU
		Release|Any CPU = Release|Any CPU
	EndGlobalSection
	GlobalSection(ProjectConfigurationPlatforms) = postSolution
		{EBC0CE08-1E7E-4F4A-9D95-5AC1E6DCDBAC}.Debug|Any CPU.ActiveCfg = Debug|Any CPU
		{EBC0CE08-1E7E-4F4A-9D95-5AC1E6DCDBAC}.Debug|Any CPU.Build.0 = Debug|Any CPU
		{EBC0CE08-1E7E-4F4A-9D95-5AC1E6DCDBAC}.Release|Any CPU.ActiveCfg = Release|Any CPU
		{EBC0CE08-1E7E-4F4A-9D95-5AC1E6DCDBAC}.Release|Any CPU.Build.0 = Release|Any CPU
		{DC861B91-6984-4788-B8A2-52DCDC629A8B}.Debug|Any CPU.ActiveCfg = Debug|Any CPU
		{DC861B91-6984-4788-B8A2-52DCDC629A8B}.Debug|Any CPU.Build.0 = Debug|Any CPU
		{DC861B91-6984-4788-B8A2-52DCDC629A8B}.Release|Any CPU.ActiveCfg = Release|Any CPU
		{DC861B91-6984-4788-B8A2-52DCDC629A8B}.Release|Any CPU.Build.0 = Release|Any CPU
		{27DDA701-49AD-4A44-830B-20D27D98CECD}.Debug|Any CPU.ActiveCfg = Debug|Any CPU
		{27DDA701-49AD-4A44-830B-20D27D98CECD}.Debug|Any CPU.Build.0 = Debug|Any CPU
		{27DDA701-49AD-4A44-830B-20D27D98CECD}.Release|Any CPU.ActiveCfg = Release|Any CPU
		{27DDA701-49AD-4A44-830B-20D27D98CECD}.Release|Any CPU.Build.0 = Release|Any CPU
	EndGlobalSection
EndGlobal
